// !$*UTF8*$!
{
	archiveVersion = 1;
	classes = {
	};
	objectVersion = 46;
	objects = {

/* Begin PBXBuildFile section */
		0E1100721EDA1E070050EE1F /* AppDelegate.swift in Sources */ = {isa = PBXBuildFile; fileRef = 0E1100711EDA1E070050EE1F /* AppDelegate.swift */; };
		0E1100741EDA1E070050EE1F /* UserDetailsViewController.swift in Sources */ = {isa = PBXBuildFile; fileRef = 0E1100731EDA1E070050EE1F /* UserDetailsViewController.swift */; };
		0E1100771EDA1E070050EE1F /* Main.storyboard in Resources */ = {isa = PBXBuildFile; fileRef = 0E1100751EDA1E070050EE1F /* Main.storyboard */; };
		0E1100791EDA1E070050EE1F /* Assets.xcassets in Resources */ = {isa = PBXBuildFile; fileRef = 0E1100781EDA1E070050EE1F /* Assets.xcassets */; };
		0E11007C1EDA1E070050EE1F /* LaunchScreen.storyboard in Resources */ = {isa = PBXBuildFile; fileRef = 0E11007A1EDA1E070050EE1F /* LaunchScreen.storyboard */; };
		0E1100921EDA1E070050EE1F /* RandomPeopleDemoUITests.swift in Sources */ = {isa = PBXBuildFile; fileRef = 0E1100911EDA1E070050EE1F /* RandomPeopleDemoUITests.swift */; };
		0E1100A11EDA24E40050EE1F /* BaseModel.swift in Sources */ = {isa = PBXBuildFile; fileRef = 0E1100A01EDA24E40050EE1F /* BaseModel.swift */; };
		0E3AEA471EDB808B00B033F2 /* SwiftInjection.swift in Sources */ = {isa = PBXBuildFile; fileRef = 0E3AEA461EDB808A00B033F2 /* SwiftInjection.swift */; };
		0E4E3B001EDACFCA00FDFFF5 /* User.swift in Sources */ = {isa = PBXBuildFile; fileRef = 0E4E3AFF1EDACFCA00FDFFF5 /* User.swift */; };
		0E4E3B031EDB2EBE00FDFFF5 /* UserDataProvider.swift in Sources */ = {isa = PBXBuildFile; fileRef = 0E4E3B021EDB2EBE00FDFFF5 /* UserDataProvider.swift */; };
		0E4E3B071EDB375C00FDFFF5 /* UserListViewController.swift in Sources */ = {isa = PBXBuildFile; fileRef = 0E4E3B061EDB375C00FDFFF5 /* UserListViewController.swift */; };
		0E4E3B091EDB37C800FDFFF5 /* BasicTableViewCell.swift in Sources */ = {isa = PBXBuildFile; fileRef = 0E4E3B081EDB37C800FDFFF5 /* BasicTableViewCell.swift */; };
		0E4E3B0B1EDB4F9200FDFFF5 /* UserList.swift in Sources */ = {isa = PBXBuildFile; fileRef = 0E4E3B0A1EDB4F9200FDFFF5 /* UserList.swift */; };
		0E4E3B0E1EDB5E2A00FDFFF5 /* Runtime.swift in Sources */ = {isa = PBXBuildFile; fileRef = 0E4E3B0D1EDB5E2A00FDFFF5 /* Runtime.swift */; };
		0EDC18FB1EDA28DD008FBC73 /* NetworkProtocol.swift in Sources */ = {isa = PBXBuildFile; fileRef = 0EDC18FA1EDA28DD008FBC73 /* NetworkProtocol.swift */; };
		0EDC18FE1EDA2AAE008FBC73 /* NetworkRequest.swift in Sources */ = {isa = PBXBuildFile; fileRef = 0EDC18FD1EDA2AAE008FBC73 /* NetworkRequest.swift */; };
		0EDC19001EDA2D5E008FBC73 /* NetworkManager.swift in Sources */ = {isa = PBXBuildFile; fileRef = 0EDC18FF1EDA2D5E008FBC73 /* NetworkManager.swift */; };
		161E9BA9FC4ED3D22073D703 /* Pods_RandomPeopleDemoUITests.framework in Frameworks */ = {isa = PBXBuildFile; fileRef = 099E012B11A703631E94380C /* Pods_RandomPeopleDemoUITests.framework */; };
		4C07D476FA6BC29212366264 /* Pods_RandomPeopleDemoTests.framework in Frameworks */ = {isa = PBXBuildFile; fileRef = 58316EFDE8DDD51FEC5126B2 /* Pods_RandomPeopleDemoTests.framework */; };
		A8958D0A1EDC0C3700C31131 /* UserTests.swift in Sources */ = {isa = PBXBuildFile; fileRef = A8958D091EDC0C3700C31131 /* UserTests.swift */; };
		A8958D0C1EDC298800C31131 /* UserDataProviderProtocol.swift in Sources */ = {isa = PBXBuildFile; fileRef = A8958D0B1EDC298800C31131 /* UserDataProviderProtocol.swift */; };
		A8958D0F1EDC5F7900C31131 /* BasicTableViewCellModel.swift in Sources */ = {isa = PBXBuildFile; fileRef = A8958D0E1EDC5F7900C31131 /* BasicTableViewCellModel.swift */; };
		A8958D191EDC6B4100C31131 /* UserDetailViewModel.swift in Sources */ = {isa = PBXBuildFile; fileRef = A8958D181EDC6B4100C31131 /* UserDetailViewModel.swift */; };
		A8958D1C1EDC7D9200C31131 /* ApiKeys.swift in Sources */ = {isa = PBXBuildFile; fileRef = A8958D1B1EDC7D9200C31131 /* ApiKeys.swift */; };
		B896A46FB86ABE59504FCB57 /* Pods_RandomPeopleDemo.framework in Frameworks */ = {isa = PBXBuildFile; fileRef = 4990ADD05ED2A0C677DA7507 /* Pods_RandomPeopleDemo.framework */; };
/* End PBXBuildFile section */

/* Begin PBXContainerItemProxy section */
		0E1100831EDA1E070050EE1F /* PBXContainerItemProxy */ = {
			isa = PBXContainerItemProxy;
			containerPortal = 0E1100661EDA1E060050EE1F /* Project object */;
			proxyType = 1;
			remoteGlobalIDString = 0E11006D1EDA1E060050EE1F;
			remoteInfo = RandomPeopleDemo;
		};
		0E11008E1EDA1E070050EE1F /* PBXContainerItemProxy */ = {
			isa = PBXContainerItemProxy;
			containerPortal = 0E1100661EDA1E060050EE1F /* Project object */;
			proxyType = 1;
			remoteGlobalIDString = 0E11006D1EDA1E060050EE1F;
			remoteInfo = RandomPeopleDemo;
		};
/* End PBXContainerItemProxy section */

/* Begin PBXFileReference section */
		099E012B11A703631E94380C /* Pods_RandomPeopleDemoUITests.framework */ = {isa = PBXFileReference; explicitFileType = wrapper.framework; includeInIndex = 0; path = Pods_RandomPeopleDemoUITests.framework; sourceTree = BUILT_PRODUCTS_DIR; };
		0E11006E1EDA1E060050EE1F /* RandomPeopleDemo.app */ = {isa = PBXFileReference; explicitFileType = wrapper.application; includeInIndex = 0; path = RandomPeopleDemo.app; sourceTree = BUILT_PRODUCTS_DIR; };
		0E1100711EDA1E070050EE1F /* AppDelegate.swift */ = {isa = PBXFileReference; lastKnownFileType = sourcecode.swift; path = AppDelegate.swift; sourceTree = "<group>"; };
		0E1100731EDA1E070050EE1F /* UserDetailsViewController.swift */ = {isa = PBXFileReference; lastKnownFileType = sourcecode.swift; path = UserDetailsViewController.swift; sourceTree = "<group>"; };
		0E1100761EDA1E070050EE1F /* Base */ = {isa = PBXFileReference; lastKnownFileType = file.storyboard; name = Base; path = Base.lproj/Main.storyboard; sourceTree = "<group>"; };
		0E1100781EDA1E070050EE1F /* Assets.xcassets */ = {isa = PBXFileReference; lastKnownFileType = folder.assetcatalog; path = Assets.xcassets; sourceTree = "<group>"; };
		0E11007B1EDA1E070050EE1F /* Base */ = {isa = PBXFileReference; lastKnownFileType = file.storyboard; name = Base; path = Base.lproj/LaunchScreen.storyboard; sourceTree = "<group>"; };
		0E11007D1EDA1E070050EE1F /* Info.plist */ = {isa = PBXFileReference; lastKnownFileType = text.plist.xml; path = Info.plist; sourceTree = "<group>"; };
		0E1100821EDA1E070050EE1F /* RandomPeopleDemoTests.xctest */ = {isa = PBXFileReference; explicitFileType = wrapper.cfbundle; includeInIndex = 0; path = RandomPeopleDemoTests.xctest; sourceTree = BUILT_PRODUCTS_DIR; };
		0E1100881EDA1E070050EE1F /* Info.plist */ = {isa = PBXFileReference; lastKnownFileType = text.plist.xml; path = Info.plist; sourceTree = "<group>"; };
		0E11008D1EDA1E070050EE1F /* RandomPeopleDemoUITests.xctest */ = {isa = PBXFileReference; explicitFileType = wrapper.cfbundle; includeInIndex = 0; path = RandomPeopleDemoUITests.xctest; sourceTree = BUILT_PRODUCTS_DIR; };
		0E1100911EDA1E070050EE1F /* RandomPeopleDemoUITests.swift */ = {isa = PBXFileReference; lastKnownFileType = sourcecode.swift; path = RandomPeopleDemoUITests.swift; sourceTree = "<group>"; };
		0E1100931EDA1E070050EE1F /* Info.plist */ = {isa = PBXFileReference; lastKnownFileType = text.plist.xml; path = Info.plist; sourceTree = "<group>"; };
		0E1100A01EDA24E40050EE1F /* BaseModel.swift */ = {isa = PBXFileReference; fileEncoding = 4; lastKnownFileType = sourcecode.swift; path = BaseModel.swift; sourceTree = "<group>"; };
		0E3AEA461EDB808A00B033F2 /* SwiftInjection.swift */ = {isa = PBXFileReference; fileEncoding = 4; lastKnownFileType = sourcecode.swift; name = SwiftInjection.swift; path = Inj/SwiftInjection.swift; sourceTree = "<group>"; };
		0E4E3AFF1EDACFCA00FDFFF5 /* User.swift */ = {isa = PBXFileReference; fileEncoding = 4; lastKnownFileType = sourcecode.swift; path = User.swift; sourceTree = "<group>"; };
		0E4E3B021EDB2EBE00FDFFF5 /* UserDataProvider.swift */ = {isa = PBXFileReference; fileEncoding = 4; lastKnownFileType = sourcecode.swift; name = UserDataProvider.swift; path = DataProvider/UserDataProvider.swift; sourceTree = "<group>"; };
		0E4E3B061EDB375C00FDFFF5 /* UserListViewController.swift */ = {isa = PBXFileReference; fileEncoding = 4; lastKnownFileType = sourcecode.swift; name = UserListViewController.swift; path = ViewController/UserListViewController.swift; sourceTree = "<group>"; };
		0E4E3B081EDB37C800FDFFF5 /* BasicTableViewCell.swift */ = {isa = PBXFileReference; fileEncoding = 4; lastKnownFileType = sourcecode.swift; name = BasicTableViewCell.swift; path = View/BasicTableViewCell.swift; sourceTree = "<group>"; };
		0E4E3B0A1EDB4F9200FDFFF5 /* UserList.swift */ = {isa = PBXFileReference; fileEncoding = 4; lastKnownFileType = sourcecode.swift; path = UserList.swift; sourceTree = "<group>"; };
		0E4E3B0D1EDB5E2A00FDFFF5 /* Runtime.swift */ = {isa = PBXFileReference; fileEncoding = 4; lastKnownFileType = sourcecode.swift; name = Runtime.swift; path = Helpers/Runtime.swift; sourceTree = "<group>"; };
		0EDC18FA1EDA28DD008FBC73 /* NetworkProtocol.swift */ = {isa = PBXFileReference; fileEncoding = 4; lastKnownFileType = sourcecode.swift; path = NetworkProtocol.swift; sourceTree = "<group>"; };
		0EDC18FD1EDA2AAE008FBC73 /* NetworkRequest.swift */ = {isa = PBXFileReference; fileEncoding = 4; lastKnownFileType = sourcecode.swift; path = NetworkRequest.swift; sourceTree = "<group>"; };
		0EDC18FF1EDA2D5E008FBC73 /* NetworkManager.swift */ = {isa = PBXFileReference; fileEncoding = 4; lastKnownFileType = sourcecode.swift; path = NetworkManager.swift; sourceTree = "<group>"; };
		18CCCE8E81F1666E88EC61A3 /* Pods-RandomPeopleDemo.debug.xcconfig */ = {isa = PBXFileReference; includeInIndex = 1; lastKnownFileType = text.xcconfig; name = "Pods-RandomPeopleDemo.debug.xcconfig"; path = "Pods/Target Support Files/Pods-RandomPeopleDemo/Pods-RandomPeopleDemo.debug.xcconfig"; sourceTree = "<group>"; };
		4990ADD05ED2A0C677DA7507 /* Pods_RandomPeopleDemo.framework */ = {isa = PBXFileReference; explicitFileType = wrapper.framework; includeInIndex = 0; path = Pods_RandomPeopleDemo.framework; sourceTree = BUILT_PRODUCTS_DIR; };
		58316EFDE8DDD51FEC5126B2 /* Pods_RandomPeopleDemoTests.framework */ = {isa = PBXFileReference; explicitFileType = wrapper.framework; includeInIndex = 0; path = Pods_RandomPeopleDemoTests.framework; sourceTree = BUILT_PRODUCTS_DIR; };
		64719960F609A6DEEC68CA2E /* Pods-RandomPeopleDemoTests.debug.xcconfig */ = {isa = PBXFileReference; includeInIndex = 1; lastKnownFileType = text.xcconfig; name = "Pods-RandomPeopleDemoTests.debug.xcconfig"; path = "Pods/Target Support Files/Pods-RandomPeopleDemoTests/Pods-RandomPeopleDemoTests.debug.xcconfig"; sourceTree = "<group>"; };
		A2BFB12088486A71D48D1A65 /* Pods-RandomPeopleDemoUITests.release.xcconfig */ = {isa = PBXFileReference; includeInIndex = 1; lastKnownFileType = text.xcconfig; name = "Pods-RandomPeopleDemoUITests.release.xcconfig"; path = "Pods/Target Support Files/Pods-RandomPeopleDemoUITests/Pods-RandomPeopleDemoUITests.release.xcconfig"; sourceTree = "<group>"; };
		A8958D091EDC0C3700C31131 /* UserTests.swift */ = {isa = PBXFileReference; fileEncoding = 4; lastKnownFileType = sourcecode.swift; path = UserTests.swift; sourceTree = "<group>"; };
		A8958D0B1EDC298800C31131 /* UserDataProviderProtocol.swift */ = {isa = PBXFileReference; fileEncoding = 4; lastKnownFileType = sourcecode.swift; name = UserDataProviderProtocol.swift; path = DataProvider/UserDataProviderProtocol.swift; sourceTree = "<group>"; };
		A8958D0E1EDC5F7900C31131 /* BasicTableViewCellModel.swift */ = {isa = PBXFileReference; fileEncoding = 4; lastKnownFileType = sourcecode.swift; name = BasicTableViewCellModel.swift; path = RandomPeopleDemo/ViewModel/BasicTableViewCellModel.swift; sourceTree = SOURCE_ROOT; };
		A8958D181EDC6B4100C31131 /* UserDetailViewModel.swift */ = {isa = PBXFileReference; fileEncoding = 4; lastKnownFileType = sourcecode.swift; name = UserDetailViewModel.swift; path = RandomPeopleDemo/ViewModel/UserDetailViewModel.swift; sourceTree = SOURCE_ROOT; };
		A8958D1B1EDC7D9200C31131 /* ApiKeys.swift */ = {isa = PBXFileReference; fileEncoding = 4; lastKnownFileType = sourcecode.swift; path = ApiKeys.swift; sourceTree = "<group>"; };
		DCE69C080317B64A6C2D3C02 /* Pods-RandomPeopleDemo.release.xcconfig */ = {isa = PBXFileReference; includeInIndex = 1; lastKnownFileType = text.xcconfig; name = "Pods-RandomPeopleDemo.release.xcconfig"; path = "Pods/Target Support Files/Pods-RandomPeopleDemo/Pods-RandomPeopleDemo.release.xcconfig"; sourceTree = "<group>"; };
		E625DF0C7FA32900CF4CA2B5 /* Pods-RandomPeopleDemoTests.release.xcconfig */ = {isa = PBXFileReference; includeInIndex = 1; lastKnownFileType = text.xcconfig; name = "Pods-RandomPeopleDemoTests.release.xcconfig"; path = "Pods/Target Support Files/Pods-RandomPeopleDemoTests/Pods-RandomPeopleDemoTests.release.xcconfig"; sourceTree = "<group>"; };
		FEAFAFE5B59B050B3506D5AC /* Pods-RandomPeopleDemoUITests.debug.xcconfig */ = {isa = PBXFileReference; includeInIndex = 1; lastKnownFileType = text.xcconfig; name = "Pods-RandomPeopleDemoUITests.debug.xcconfig"; path = "Pods/Target Support Files/Pods-RandomPeopleDemoUITests/Pods-RandomPeopleDemoUITests.debug.xcconfig"; sourceTree = "<group>"; };
/* End PBXFileReference section */

/* Begin PBXFrameworksBuildPhase section */
		0E11006B1EDA1E060050EE1F /* Frameworks */ = {
			isa = PBXFrameworksBuildPhase;
			buildActionMask = 2147483647;
			files = (
				B896A46FB86ABE59504FCB57 /* Pods_RandomPeopleDemo.framework in Frameworks */,
			);
			runOnlyForDeploymentPostprocessing = 0;
		};
		0E11007F1EDA1E070050EE1F /* Frameworks */ = {
			isa = PBXFrameworksBuildPhase;
			buildActionMask = 2147483647;
			files = (
				4C07D476FA6BC29212366264 /* Pods_RandomPeopleDemoTests.framework in Frameworks */,
			);
			runOnlyForDeploymentPostprocessing = 0;
		};
		0E11008A1EDA1E070050EE1F /* Frameworks */ = {
			isa = PBXFrameworksBuildPhase;
			buildActionMask = 2147483647;
			files = (
				161E9BA9FC4ED3D22073D703 /* Pods_RandomPeopleDemoUITests.framework in Frameworks */,
			);
			runOnlyForDeploymentPostprocessing = 0;
		};
/* End PBXFrameworksBuildPhase section */

/* Begin PBXGroup section */
		0E1100651EDA1E060050EE1F = {
			isa = PBXGroup;
			children = (
				0E1100701EDA1E060050EE1F /* RandomPeopleDemo */,
				0E1100851EDA1E070050EE1F /* RandomPeopleDemoTests */,
				0E1100901EDA1E070050EE1F /* RandomPeopleDemoUITests */,
				0E11006F1EDA1E060050EE1F /* Products */,
				8144A5E60B4D143C6D2BDFCF /* Pods */,
				972B4757C001B7847E8B4CEC /* Frameworks */,
			);
			sourceTree = "<group>";
		};
		0E11006F1EDA1E060050EE1F /* Products */ = {
			isa = PBXGroup;
			children = (
				0E11006E1EDA1E060050EE1F /* RandomPeopleDemo.app */,
				0E1100821EDA1E070050EE1F /* RandomPeopleDemoTests.xctest */,
				0E11008D1EDA1E070050EE1F /* RandomPeopleDemoUITests.xctest */,
			);
			name = Products;
			sourceTree = "<group>";
		};
		0E1100701EDA1E060050EE1F /* RandomPeopleDemo */ = {
			isa = PBXGroup;
			children = (
				A8958D121EDC64F800C31131 /* Stuff */,
				A8958D111EDC64CD00C31131 /* Services */,
				0E4E3B051EDB373100FDFFF5 /* ViewController */,
				0E11009F1EDA24AD0050EE1F /* Model */,
				A8958D101EDC648200C31131 /* View */,
				A8958D0D1EDC3FC400C31131 /* ViewModel */,
			);
			path = RandomPeopleDemo;
			sourceTree = "<group>";
		};
		0E1100851EDA1E070050EE1F /* RandomPeopleDemoTests */ = {
			isa = PBXGroup;
			children = (
				0E1100881EDA1E070050EE1F /* Info.plist */,
				A8958D091EDC0C3700C31131 /* UserTests.swift */,
			);
			path = RandomPeopleDemoTests;
			sourceTree = "<group>";
		};
		0E1100901EDA1E070050EE1F /* RandomPeopleDemoUITests */ = {
			isa = PBXGroup;
			children = (
				0E1100911EDA1E070050EE1F /* RandomPeopleDemoUITests.swift */,
				0E1100931EDA1E070050EE1F /* Info.plist */,
			);
			path = RandomPeopleDemoUITests;
			sourceTree = "<group>";
		};
		0E11009F1EDA24AD0050EE1F /* Model */ = {
			isa = PBXGroup;
			children = (
				0E1100A01EDA24E40050EE1F /* BaseModel.swift */,
				0E4E3AFF1EDACFCA00FDFFF5 /* User.swift */,
				0E4E3B0A1EDB4F9200FDFFF5 /* UserList.swift */,
			);
			path = Model;
			sourceTree = "<group>";
		};
		0E3AEA451EDB7F2300B033F2 /* Injection */ = {
			isa = PBXGroup;
			children = (
				0E3AEA461EDB808A00B033F2 /* SwiftInjection.swift */,
			);
			name = Injection;
			sourceTree = "<group>";
		};
		0E4E3B011EDB2E9800FDFFF5 /* DataProvider */ = {
			isa = PBXGroup;
			children = (
				A8958D161EDC681E00C31131 /* Protocol */,
				0E4E3B021EDB2EBE00FDFFF5 /* UserDataProvider.swift */,
			);
			name = DataProvider;
			sourceTree = "<group>";
		};
		0E4E3B051EDB373100FDFFF5 /* ViewController */ = {
			isa = PBXGroup;
			children = (
				0E1100731EDA1E070050EE1F /* UserDetailsViewController.swift */,
				0E4E3B061EDB375C00FDFFF5 /* UserListViewController.swift */,
			);
			name = ViewController;
			sourceTree = "<group>";
		};
		0E4E3B0C1EDB5E0100FDFFF5 /* Helpers */ = {
			isa = PBXGroup;
			children = (
				0E4E3B0D1EDB5E2A00FDFFF5 /* Runtime.swift */,
			);
			name = Helpers;
			sourceTree = "<group>";
		};
		0EDC18F91EDA2818008FBC73 /* NetworkLayer */ = {
			isa = PBXGroup;
			children = (
				A8958D151EDC681300C31131 /* Procol */,
				0EDC18FD1EDA2AAE008FBC73 /* NetworkRequest.swift */,
				0EDC18FF1EDA2D5E008FBC73 /* NetworkManager.swift */,
				A8958D1B1EDC7D9200C31131 /* ApiKeys.swift */,
			);
			name = NetworkLayer;
			path = ApiLayer;
			sourceTree = "<group>";
		};
		8144A5E60B4D143C6D2BDFCF /* Pods */ = {
			isa = PBXGroup;
			children = (
				18CCCE8E81F1666E88EC61A3 /* Pods-RandomPeopleDemo.debug.xcconfig */,
				DCE69C080317B64A6C2D3C02 /* Pods-RandomPeopleDemo.release.xcconfig */,
				64719960F609A6DEEC68CA2E /* Pods-RandomPeopleDemoTests.debug.xcconfig */,
				E625DF0C7FA32900CF4CA2B5 /* Pods-RandomPeopleDemoTests.release.xcconfig */,
				FEAFAFE5B59B050B3506D5AC /* Pods-RandomPeopleDemoUITests.debug.xcconfig */,
				A2BFB12088486A71D48D1A65 /* Pods-RandomPeopleDemoUITests.release.xcconfig */,
			);
			name = Pods;
			sourceTree = "<group>";
		};
		972B4757C001B7847E8B4CEC /* Frameworks */ = {
			isa = PBXGroup;
			children = (
				4990ADD05ED2A0C677DA7507 /* Pods_RandomPeopleDemo.framework */,
				58316EFDE8DDD51FEC5126B2 /* Pods_RandomPeopleDemoTests.framework */,
				099E012B11A703631E94380C /* Pods_RandomPeopleDemoUITests.framework */,
			);
			name = Frameworks;
			sourceTree = "<group>";
		};
		A8958D0D1EDC3FC400C31131 /* ViewModel */ = {
			isa = PBXGroup;
			children = (
				A8958D0E1EDC5F7900C31131 /* BasicTableViewCellModel.swift */,
				A8958D181EDC6B4100C31131 /* UserDetailViewModel.swift */,
			);
			name = ViewModel;
			path = Model;
			sourceTree = "<group>";
		};
		A8958D101EDC648200C31131 /* View */ = {
			isa = PBXGroup;
			children = (
				A8958D141EDC654C00C31131 /* Cell */,
				A8958D131EDC654000C31131 /* Storyboard */,
			);
			name = View;
			sourceTree = "<group>";
		};
		A8958D111EDC64CD00C31131 /* Services */ = {
			isa = PBXGroup;
			children = (
				0E4E3B0C1EDB5E0100FDFFF5 /* Helpers */,
				0EDC18F91EDA2818008FBC73 /* NetworkLayer */,
				0E4E3B011EDB2E9800FDFFF5 /* DataProvider */,
			);
			name = Services;
			sourceTree = "<group>";
		};
		A8958D121EDC64F800C31131 /* Stuff */ = {
			isa = PBXGroup;
			children = (
				0E1100781EDA1E070050EE1F /* Assets.xcassets */,
				0E3AEA451EDB7F2300B033F2 /* Injection */,
				0E1100711EDA1E070050EE1F /* AppDelegate.swift */,
				0E11007D1EDA1E070050EE1F /* Info.plist */,
			);
			name = Stuff;
			sourceTree = "<group>";
		};
		A8958D131EDC654000C31131 /* Storyboard */ = {
			isa = PBXGroup;
			children = (
				0E1100751EDA1E070050EE1F /* Main.storyboard */,
				0E11007A1EDA1E070050EE1F /* LaunchScreen.storyboard */,
			);
			name = Storyboard;
			sourceTree = "<group>";
		};
		A8958D141EDC654C00C31131 /* Cell */ = {
			isa = PBXGroup;
			children = (
				0E4E3B081EDB37C800FDFFF5 /* BasicTableViewCell.swift */,
			);
			name = Cell;
			sourceTree = "<group>";
		};
		A8958D151EDC681300C31131 /* Procol */ = {
			isa = PBXGroup;
			children = (
				0EDC18FA1EDA28DD008FBC73 /* NetworkProtocol.swift */,
			);
			name = Procol;
			sourceTree = "<group>";
		};
		A8958D161EDC681E00C31131 /* Protocol */ = {
			isa = PBXGroup;
			children = (
				A8958D0B1EDC298800C31131 /* UserDataProviderProtocol.swift */,
			);
			name = Protocol;
			sourceTree = "<group>";
		};
/* End PBXGroup section */

/* Begin PBXNativeTarget section */
		0E11006D1EDA1E060050EE1F /* RandomPeopleDemo */ = {
			isa = PBXNativeTarget;
			buildConfigurationList = 0E1100961EDA1E070050EE1F /* Build configuration list for PBXNativeTarget "RandomPeopleDemo" */;
			buildPhases = (
				81DA8D9CD59EBE5B9BB3763C /* [CP] Check Pods Manifest.lock */,
				0E11006A1EDA1E060050EE1F /* Sources */,
				0E11006B1EDA1E060050EE1F /* Frameworks */,
				0E11006C1EDA1E060050EE1F /* Resources */,
				A46E5924CF32C7385933E82A /* [CP] Embed Pods Frameworks */,
				B524196D07D756EE7D9BBD42 /* [CP] Copy Pods Resources */,
			);
			buildRules = (
			);
			dependencies = (
			);
			name = RandomPeopleDemo;
			productName = RandomPeopleDemo;
			productReference = 0E11006E1EDA1E060050EE1F /* RandomPeopleDemo.app */;
			productType = "com.apple.product-type.application";
		};
		0E1100811EDA1E070050EE1F /* RandomPeopleDemoTests */ = {
			isa = PBXNativeTarget;
			buildConfigurationList = 0E1100991EDA1E070050EE1F /* Build configuration list for PBXNativeTarget "RandomPeopleDemoTests" */;
			buildPhases = (
				16FB13A07DE90B198899543D /* [CP] Check Pods Manifest.lock */,
				0E11007E1EDA1E070050EE1F /* Sources */,
				0E11007F1EDA1E070050EE1F /* Frameworks */,
				0E1100801EDA1E070050EE1F /* Resources */,
				F551B4001C934C00CD3E4CE7 /* [CP] Embed Pods Frameworks */,
				BBD19184A4D0D1E731FCEEE8 /* [CP] Copy Pods Resources */,
			);
			buildRules = (
			);
			dependencies = (
				0E1100841EDA1E070050EE1F /* PBXTargetDependency */,
			);
			name = RandomPeopleDemoTests;
			productName = RandomPeopleDemoTests;
			productReference = 0E1100821EDA1E070050EE1F /* RandomPeopleDemoTests.xctest */;
			productType = "com.apple.product-type.bundle.unit-test";
		};
		0E11008C1EDA1E070050EE1F /* RandomPeopleDemoUITests */ = {
			isa = PBXNativeTarget;
			buildConfigurationList = 0E11009C1EDA1E070050EE1F /* Build configuration list for PBXNativeTarget "RandomPeopleDemoUITests" */;
			buildPhases = (
				F36A85456BBC618E4B41D4EA /* [CP] Check Pods Manifest.lock */,
				0E1100891EDA1E070050EE1F /* Sources */,
				0E11008A1EDA1E070050EE1F /* Frameworks */,
				0E11008B1EDA1E070050EE1F /* Resources */,
				786004DD35D8C817D23F99D4 /* [CP] Embed Pods Frameworks */,
				86DBB4A3C662DC0E74EFCC5E /* [CP] Copy Pods Resources */,
			);
			buildRules = (
			);
			dependencies = (
				0E11008F1EDA1E070050EE1F /* PBXTargetDependency */,
			);
			name = RandomPeopleDemoUITests;
			productName = RandomPeopleDemoUITests;
			productReference = 0E11008D1EDA1E070050EE1F /* RandomPeopleDemoUITests.xctest */;
			productType = "com.apple.product-type.bundle.ui-testing";
		};
/* End PBXNativeTarget section */

/* Begin PBXProject section */
		0E1100661EDA1E060050EE1F /* Project object */ = {
			isa = PBXProject;
			attributes = {
				LastSwiftUpdateCheck = 0820;
				LastUpgradeCheck = 0820;
				ORGANIZATIONNAME = aboiko;
				TargetAttributes = {
					0E11006D1EDA1E060050EE1F = {
						CreatedOnToolsVersion = 8.2.1;
						DevelopmentTeam = 9K285RPTK7;
						ProvisioningStyle = Automatic;
					};
					0E1100811EDA1E070050EE1F = {
						CreatedOnToolsVersion = 8.2.1;
						DevelopmentTeam = 9K285RPTK7;
						ProvisioningStyle = Automatic;
						TestTargetID = 0E11006D1EDA1E060050EE1F;
					};
					0E11008C1EDA1E070050EE1F = {
						CreatedOnToolsVersion = 8.2.1;
						DevelopmentTeam = 9K285RPTK7;
						ProvisioningStyle = Automatic;
						TestTargetID = 0E11006D1EDA1E060050EE1F;
					};
				};
			};
			buildConfigurationList = 0E1100691EDA1E060050EE1F /* Build configuration list for PBXProject "RandomPeopleDemo" */;
			compatibilityVersion = "Xcode 3.2";
			developmentRegion = English;
			hasScannedForEncodings = 0;
			knownRegions = (
				en,
				Base,
			);
			mainGroup = 0E1100651EDA1E060050EE1F;
			productRefGroup = 0E11006F1EDA1E060050EE1F /* Products */;
			projectDirPath = "";
			projectRoot = "";
			targets = (
				0E11006D1EDA1E060050EE1F /* RandomPeopleDemo */,
				0E1100811EDA1E070050EE1F /* RandomPeopleDemoTests */,
				0E11008C1EDA1E070050EE1F /* RandomPeopleDemoUITests */,
			);
		};
/* End PBXProject section */

/* Begin PBXResourcesBuildPhase section */
		0E11006C1EDA1E060050EE1F /* Resources */ = {
			isa = PBXResourcesBuildPhase;
			buildActionMask = 2147483647;
			files = (
				0E11007C1EDA1E070050EE1F /* LaunchScreen.storyboard in Resources */,
				0E1100791EDA1E070050EE1F /* Assets.xcassets in Resources */,
				0E1100771EDA1E070050EE1F /* Main.storyboard in Resources */,
			);
			runOnlyForDeploymentPostprocessing = 0;
		};
		0E1100801EDA1E070050EE1F /* Resources */ = {
			isa = PBXResourcesBuildPhase;
			buildActionMask = 2147483647;
			files = (
			);
			runOnlyForDeploymentPostprocessing = 0;
		};
		0E11008B1EDA1E070050EE1F /* Resources */ = {
			isa = PBXResourcesBuildPhase;
			buildActionMask = 2147483647;
			files = (
			);
			runOnlyForDeploymentPostprocessing = 0;
		};
/* End PBXResourcesBuildPhase section */

/* Begin PBXShellScriptBuildPhase section */
		16FB13A07DE90B198899543D /* [CP] Check Pods Manifest.lock */ = {
			isa = PBXShellScriptBuildPhase;
			buildActionMask = 2147483647;
			files = (
			);
			inputPaths = (
			);
			name = "[CP] Check Pods Manifest.lock";
			outputPaths = (
			);
			runOnlyForDeploymentPostprocessing = 0;
			shellPath = /bin/sh;
			shellScript = "diff \"${PODS_ROOT}/../Podfile.lock\" \"${PODS_ROOT}/Manifest.lock\" > /dev/null\nif [ $? != 0 ] ; then\n    # print error to STDERR\n    echo \"error: The sandbox is not in sync with the Podfile.lock. Run 'pod install' or update your CocoaPods installation.\" >&2\n    exit 1\nfi\n";
			showEnvVarsInLog = 0;
		};
		786004DD35D8C817D23F99D4 /* [CP] Embed Pods Frameworks */ = {
			isa = PBXShellScriptBuildPhase;
			buildActionMask = 2147483647;
			files = (
			);
			inputPaths = (
			);
			name = "[CP] Embed Pods Frameworks";
			outputPaths = (
			);
			runOnlyForDeploymentPostprocessing = 0;
			shellPath = /bin/sh;
			shellScript = "\"${SRCROOT}/Pods/Target Support Files/Pods-RandomPeopleDemoUITests/Pods-RandomPeopleDemoUITests-frameworks.sh\"\n";
			showEnvVarsInLog = 0;
		};
		81DA8D9CD59EBE5B9BB3763C /* [CP] Check Pods Manifest.lock */ = {
			isa = PBXShellScriptBuildPhase;
			buildActionMask = 2147483647;
			files = (
			);
			inputPaths = (
			);
			name = "[CP] Check Pods Manifest.lock";
			outputPaths = (
			);
			runOnlyForDeploymentPostprocessing = 0;
			shellPath = /bin/sh;
			shellScript = "diff \"${PODS_ROOT}/../Podfile.lock\" \"${PODS_ROOT}/Manifest.lock\" > /dev/null\nif [ $? != 0 ] ; then\n    # print error to STDERR\n    echo \"error: The sandbox is not in sync with the Podfile.lock. Run 'pod install' or update your CocoaPods installation.\" >&2\n    exit 1\nfi\n";
			showEnvVarsInLog = 0;
		};
		86DBB4A3C662DC0E74EFCC5E /* [CP] Copy Pods Resources */ = {
			isa = PBXShellScriptBuildPhase;
			buildActionMask = 2147483647;
			files = (
			);
			inputPaths = (
			);
			name = "[CP] Copy Pods Resources";
			outputPaths = (
			);
			runOnlyForDeploymentPostprocessing = 0;
			shellPath = /bin/sh;
			shellScript = "\"${SRCROOT}/Pods/Target Support Files/Pods-RandomPeopleDemoUITests/Pods-RandomPeopleDemoUITests-resources.sh\"\n";
			showEnvVarsInLog = 0;
		};
		A46E5924CF32C7385933E82A /* [CP] Embed Pods Frameworks */ = {
			isa = PBXShellScriptBuildPhase;
			buildActionMask = 2147483647;
			files = (
			);
			inputPaths = (
			);
			name = "[CP] Embed Pods Frameworks";
			outputPaths = (
			);
			runOnlyForDeploymentPostprocessing = 0;
			shellPath = /bin/sh;
			shellScript = "\"${SRCROOT}/Pods/Target Support Files/Pods-RandomPeopleDemo/Pods-RandomPeopleDemo-frameworks.sh\"\n";
			showEnvVarsInLog = 0;
		};
		B524196D07D756EE7D9BBD42 /* [CP] Copy Pods Resources */ = {
			isa = PBXShellScriptBuildPhase;
			buildActionMask = 2147483647;
			files = (
			);
			inputPaths = (
			);
			name = "[CP] Copy Pods Resources";
			outputPaths = (
			);
			runOnlyForDeploymentPostprocessing = 0;
			shellPath = /bin/sh;
			shellScript = "\"${SRCROOT}/Pods/Target Support Files/Pods-RandomPeopleDemo/Pods-RandomPeopleDemo-resources.sh\"\n";
			showEnvVarsInLog = 0;
		};
		BBD19184A4D0D1E731FCEEE8 /* [CP] Copy Pods Resources */ = {
			isa = PBXShellScriptBuildPhase;
			buildActionMask = 2147483647;
			files = (
			);
			inputPaths = (
			);
			name = "[CP] Copy Pods Resources";
			outputPaths = (
			);
			runOnlyForDeploymentPostprocessing = 0;
			shellPath = /bin/sh;
			shellScript = "\"${SRCROOT}/Pods/Target Support Files/Pods-RandomPeopleDemoTests/Pods-RandomPeopleDemoTests-resources.sh\"\n";
			showEnvVarsInLog = 0;
		};
		F36A85456BBC618E4B41D4EA /* [CP] Check Pods Manifest.lock */ = {
			isa = PBXShellScriptBuildPhase;
			buildActionMask = 2147483647;
			files = (
			);
			inputPaths = (
			);
			name = "[CP] Check Pods Manifest.lock";
			outputPaths = (
			);
			runOnlyForDeploymentPostprocessing = 0;
			shellPath = /bin/sh;
			shellScript = "diff \"${PODS_ROOT}/../Podfile.lock\" \"${PODS_ROOT}/Manifest.lock\" > /dev/null\nif [ $? != 0 ] ; then\n    # print error to STDERR\n    echo \"error: The sandbox is not in sync with the Podfile.lock. Run 'pod install' or update your CocoaPods installation.\" >&2\n    exit 1\nfi\n";
			showEnvVarsInLog = 0;
		};
		F551B4001C934C00CD3E4CE7 /* [CP] Embed Pods Frameworks */ = {
			isa = PBXShellScriptBuildPhase;
			buildActionMask = 2147483647;
			files = (
			);
			inputPaths = (
			);
			name = "[CP] Embed Pods Frameworks";
			outputPaths = (
			);
			runOnlyForDeploymentPostprocessing = 0;
			shellPath = /bin/sh;
			shellScript = "\"${SRCROOT}/Pods/Target Support Files/Pods-RandomPeopleDemoTests/Pods-RandomPeopleDemoTests-frameworks.sh\"\n";
			showEnvVarsInLog = 0;
		};
/* End PBXShellScriptBuildPhase section */

/* Begin PBXSourcesBuildPhase section */
		0E11006A1EDA1E060050EE1F /* Sources */ = {
			isa = PBXSourcesBuildPhase;
			buildActionMask = 2147483647;
			files = (
				0E3AEA471EDB808B00B033F2 /* SwiftInjection.swift in Sources */,
				0EDC19001EDA2D5E008FBC73 /* NetworkManager.swift in Sources */,
				A8958D191EDC6B4100C31131 /* UserDetailViewModel.swift in Sources */,
				0E4E3B0E1EDB5E2A00FDFFF5 /* Runtime.swift in Sources */,
				0E1100A11EDA24E40050EE1F /* BaseModel.swift in Sources */,
				0E1100741EDA1E070050EE1F /* UserDetailsViewController.swift in Sources */,
				A8958D0F1EDC5F7900C31131 /* BasicTableViewCellModel.swift in Sources */,
				0E4E3B0B1EDB4F9200FDFFF5 /* UserList.swift in Sources */,
				0EDC18FB1EDA28DD008FBC73 /* NetworkProtocol.swift in Sources */,
				0E4E3B091EDB37C800FDFFF5 /* BasicTableViewCell.swift in Sources */,
				0E1100721EDA1E070050EE1F /* AppDelegate.swift in Sources */,
				A8958D1C1EDC7D9200C31131 /* ApiKeys.swift in Sources */,
				A8958D0C1EDC298800C31131 /* UserDataProviderProtocol.swift in Sources */,
				0E4E3B071EDB375C00FDFFF5 /* UserListViewController.swift in Sources */,
				0E4E3B031EDB2EBE00FDFFF5 /* UserDataProvider.swift in Sources */,
				0EDC18FE1EDA2AAE008FBC73 /* NetworkRequest.swift in Sources */,
				0E4E3B001EDACFCA00FDFFF5 /* User.swift in Sources */,
			);
			runOnlyForDeploymentPostprocessing = 0;
		};
		0E11007E1EDA1E070050EE1F /* Sources */ = {
			isa = PBXSourcesBuildPhase;
			buildActionMask = 2147483647;
			files = (
				A8958D0A1EDC0C3700C31131 /* UserTests.swift in Sources */,
			);
			runOnlyForDeploymentPostprocessing = 0;
		};
		0E1100891EDA1E070050EE1F /* Sources */ = {
			isa = PBXSourcesBuildPhase;
			buildActionMask = 2147483647;
			files = (
				0E1100921EDA1E070050EE1F /* RandomPeopleDemoUITests.swift in Sources */,
			);
			runOnlyForDeploymentPostprocessing = 0;
		};
/* End PBXSourcesBuildPhase section */

/* Begin PBXTargetDependency section */
		0E1100841EDA1E070050EE1F /* PBXTargetDependency */ = {
			isa = PBXTargetDependency;
			target = 0E11006D1EDA1E060050EE1F /* RandomPeopleDemo */;
			targetProxy = 0E1100831EDA1E070050EE1F /* PBXContainerItemProxy */;
		};
		0E11008F1EDA1E070050EE1F /* PBXTargetDependency */ = {
			isa = PBXTargetDependency;
			target = 0E11006D1EDA1E060050EE1F /* RandomPeopleDemo */;
			targetProxy = 0E11008E1EDA1E070050EE1F /* PBXContainerItemProxy */;
		};
/* End PBXTargetDependency section */

/* Begin PBXVariantGroup section */
		0E1100751EDA1E070050EE1F /* Main.storyboard */ = {
			isa = PBXVariantGroup;
			children = (
				0E1100761EDA1E070050EE1F /* Base */,
			);
			name = Main.storyboard;
			sourceTree = "<group>";
		};
		0E11007A1EDA1E070050EE1F /* LaunchScreen.storyboard */ = {
			isa = PBXVariantGroup;
			children = (
				0E11007B1EDA1E070050EE1F /* Base */,
			);
			name = LaunchScreen.storyboard;
			sourceTree = "<group>";
		};
/* End PBXVariantGroup section */

/* Begin XCBuildConfiguration section */
		0E1100941EDA1E070050EE1F /* Debug */ = {
			isa = XCBuildConfiguration;
			buildSettings = {
				ALWAYS_SEARCH_USER_PATHS = NO;
				CLANG_ANALYZER_NONNULL = YES;
				CLANG_CXX_LANGUAGE_STANDARD = "gnu++0x";
				CLANG_CXX_LIBRARY = "libc++";
				CLANG_ENABLE_MODULES = YES;
				CLANG_ENABLE_OBJC_ARC = YES;
				CLANG_WARN_BOOL_CONVERSION = YES;
				CLANG_WARN_CONSTANT_CONVERSION = YES;
				CLANG_WARN_DIRECT_OBJC_ISA_USAGE = YES_ERROR;
				CLANG_WARN_DOCUMENTATION_COMMENTS = YES;
				CLANG_WARN_EMPTY_BODY = YES;
				CLANG_WARN_ENUM_CONVERSION = YES;
				CLANG_WARN_INFINITE_RECURSION = YES;
				CLANG_WARN_INT_CONVERSION = YES;
				CLANG_WARN_OBJC_ROOT_CLASS = YES_ERROR;
				CLANG_WARN_SUSPICIOUS_MOVE = YES;
				CLANG_WARN_UNREACHABLE_CODE = YES;
				CLANG_WARN__DUPLICATE_METHOD_MATCH = YES;
				"CODE_SIGN_IDENTITY[sdk=iphoneos*]" = "iPhone Developer";
				COPY_PHASE_STRIP = NO;
				DEBUG_INFORMATION_FORMAT = dwarf;
				ENABLE_STRICT_OBJC_MSGSEND = YES;
				ENABLE_TESTABILITY = YES;
				GCC_C_LANGUAGE_STANDARD = gnu99;
				GCC_DYNAMIC_NO_PIC = NO;
				GCC_NO_COMMON_BLOCKS = YES;
				GCC_OPTIMIZATION_LEVEL = 0;
				GCC_PREPROCESSOR_DEFINITIONS = (
					"DEBUG=1",
					"$(inherited)",
				);
				GCC_WARN_64_TO_32_BIT_CONVERSION = YES;
				GCC_WARN_ABOUT_RETURN_TYPE = YES_ERROR;
				GCC_WARN_UNDECLARED_SELECTOR = YES;
				GCC_WARN_UNINITIALIZED_AUTOS = YES_AGGRESSIVE;
				GCC_WARN_UNUSED_FUNCTION = YES;
				GCC_WARN_UNUSED_VARIABLE = YES;
				IPHONEOS_DEPLOYMENT_TARGET = 10.2;
				MTL_ENABLE_DEBUG_INFO = YES;
				ONLY_ACTIVE_ARCH = YES;
				SDKROOT = iphoneos;
				SWIFT_ACTIVE_COMPILATION_CONDITIONS = DEBUG;
				SWIFT_OPTIMIZATION_LEVEL = "-Onone";
				TARGETED_DEVICE_FAMILY = "1,2";
			};
			name = Debug;
		};
		0E1100951EDA1E070050EE1F /* Release */ = {
			isa = XCBuildConfiguration;
			buildSettings = {
				ALWAYS_SEARCH_USER_PATHS = NO;
				CLANG_ANALYZER_NONNULL = YES;
				CLANG_CXX_LANGUAGE_STANDARD = "gnu++0x";
				CLANG_CXX_LIBRARY = "libc++";
				CLANG_ENABLE_MODULES = YES;
				CLANG_ENABLE_OBJC_ARC = YES;
				CLANG_WARN_BOOL_CONVERSION = YES;
				CLANG_WARN_CONSTANT_CONVERSION = YES;
				CLANG_WARN_DIRECT_OBJC_ISA_USAGE = YES_ERROR;
				CLANG_WARN_DOCUMENTATION_COMMENTS = YES;
				CLANG_WARN_EMPTY_BODY = YES;
				CLANG_WARN_ENUM_CONVERSION = YES;
				CLANG_WARN_INFINITE_RECURSION = YES;
				CLANG_WARN_INT_CONVERSION = YES;
				CLANG_WARN_OBJC_ROOT_CLASS = YES_ERROR;
				CLANG_WARN_SUSPICIOUS_MOVE = YES;
				CLANG_WARN_UNREACHABLE_CODE = YES;
				CLANG_WARN__DUPLICATE_METHOD_MATCH = YES;
				"CODE_SIGN_IDENTITY[sdk=iphoneos*]" = "iPhone Developer";
				COPY_PHASE_STRIP = NO;
				DEBUG_INFORMATION_FORMAT = "dwarf-with-dsym";
				ENABLE_NS_ASSERTIONS = NO;
				ENABLE_STRICT_OBJC_MSGSEND = YES;
				GCC_C_LANGUAGE_STANDARD = gnu99;
				GCC_NO_COMMON_BLOCKS = YES;
				GCC_WARN_64_TO_32_BIT_CONVERSION = YES;
				GCC_WARN_ABOUT_RETURN_TYPE = YES_ERROR;
				GCC_WARN_UNDECLARED_SELECTOR = YES;
				GCC_WARN_UNINITIALIZED_AUTOS = YES_AGGRESSIVE;
				GCC_WARN_UNUSED_FUNCTION = YES;
				GCC_WARN_UNUSED_VARIABLE = YES;
				IPHONEOS_DEPLOYMENT_TARGET = 10.2;
				MTL_ENABLE_DEBUG_INFO = NO;
				SDKROOT = iphoneos;
				SWIFT_OPTIMIZATION_LEVEL = "-Owholemodule";
				TARGETED_DEVICE_FAMILY = "1,2";
				VALIDATE_PRODUCT = YES;
			};
			name = Release;
		};
		0E1100971EDA1E070050EE1F /* Debug */ = {
			isa = XCBuildConfiguration;
			baseConfigurationReference = 18CCCE8E81F1666E88EC61A3 /* Pods-RandomPeopleDemo.debug.xcconfig */;
			buildSettings = {
				ASSETCATALOG_COMPILER_APPICON_NAME = AppIcon;
				DEVELOPMENT_TEAM = 9K285RPTK7;
				INFOPLIST_FILE = RandomPeopleDemo/Info.plist;
				LD_RUNPATH_SEARCH_PATHS = "$(inherited) @executable_path/Frameworks";
				PRODUCT_BUNDLE_IDENTIFIER = aboiko.RandomPeopleDemo;
				PRODUCT_NAME = "$(TARGET_NAME)";
				SWIFT_VERSION = 3.0;
			};
			name = Debug;
		};
		0E1100981EDA1E070050EE1F /* Release */ = {
			isa = XCBuildConfiguration;
			baseConfigurationReference = DCE69C080317B64A6C2D3C02 /* Pods-RandomPeopleDemo.release.xcconfig */;
			buildSettings = {
				ASSETCATALOG_COMPILER_APPICON_NAME = AppIcon;
				DEVELOPMENT_TEAM = 9K285RPTK7;
				INFOPLIST_FILE = RandomPeopleDemo/Info.plist;
				LD_RUNPATH_SEARCH_PATHS = "$(inherited) @executable_path/Frameworks";
				PRODUCT_BUNDLE_IDENTIFIER = aboiko.RandomPeopleDemo;
				PRODUCT_NAME = "$(TARGET_NAME)";
				SWIFT_VERSION = 3.0;
			};
			name = Release;
		};
		0E11009A1EDA1E070050EE1F /* Debug */ = {
			isa = XCBuildConfiguration;
			baseConfigurationReference = 64719960F609A6DEEC68CA2E /* Pods-RandomPeopleDemoTests.debug.xcconfig */;
			buildSettings = {
				ALWAYS_EMBED_SWIFT_STANDARD_LIBRARIES = YES;
				BUNDLE_LOADER = "$(TEST_HOST)";
				DEVELOPMENT_TEAM = 9K285RPTK7;
				INFOPLIST_FILE = RandomPeopleDemoTests/Info.plist;
				LD_RUNPATH_SEARCH_PATHS = "$(inherited) @executable_path/Frameworks @loader_path/Frameworks";
				PRODUCT_BUNDLE_IDENTIFIER = aboiko.RandomPeopleDemoTests;
				PRODUCT_NAME = "$(TARGET_NAME)";
				SWIFT_VERSION = 3.0;
				TEST_HOST = "$(BUILT_PRODUCTS_DIR)/RandomPeopleDemo.app/RandomPeopleDemo";
			};
			name = Debug;
		};
		0E11009B1EDA1E070050EE1F /* Release */ = {
			isa = XCBuildConfiguration;
			baseConfigurationReference = E625DF0C7FA32900CF4CA2B5 /* Pods-RandomPeopleDemoTests.release.xcconfig */;
			buildSettings = {
				ALWAYS_EMBED_SWIFT_STANDARD_LIBRARIES = YES;
				BUNDLE_LOADER = "$(TEST_HOST)";
				DEVELOPMENT_TEAM = 9K285RPTK7;
				INFOPLIST_FILE = RandomPeopleDemoTests/Info.plist;
				LD_RUNPATH_SEARCH_PATHS = "$(inherited) @executable_path/Frameworks @loader_path/Frameworks";
				PRODUCT_BUNDLE_IDENTIFIER = aboiko.RandomPeopleDemoTests;
				PRODUCT_NAME = "$(TARGET_NAME)";
				SWIFT_VERSION = 3.0;
				TEST_HOST = "$(BUILT_PRODUCTS_DIR)/RandomPeopleDemo.app/RandomPeopleDemo";
			};
			name = Release;
		};
		0E11009D1EDA1E070050EE1F /* Debug */ = {
			isa = XCBuildConfiguration;
			baseConfigurationReference = FEAFAFE5B59B050B3506D5AC /* Pods-RandomPeopleDemoUITests.debug.xcconfig */;
			buildSettings = {
				ALWAYS_EMBED_SWIFT_STANDARD_LIBRARIES = YES;
				DEVELOPMENT_TEAM = 9K285RPTK7;
				INFOPLIST_FILE = RandomPeopleDemoUITests/Info.plist;
				LD_RUNPATH_SEARCH_PATHS = "$(inherited) @executable_path/Frameworks @loader_path/Frameworks";
				PRODUCT_BUNDLE_IDENTIFIER = aboiko.RandomPeopleDemoUITests;
				PRODUCT_NAME = "$(TARGET_NAME)";
				SWIFT_VERSION = 3.0;
				TEST_TARGET_NAME = RandomPeopleDemo;
			};
			name = Debug;
		};
		0E11009E1EDA1E070050EE1F /* Release */ = {
			isa = XCBuildConfiguration;
			baseConfigurationReference = A2BFB12088486A71D48D1A65 /* Pods-RandomPeopleDemoUITests.release.xcconfig */;
			buildSettings = {
				ALWAYS_EMBED_SWIFT_STANDARD_LIBRARIES = YES;
				DEVELOPMENT_TEAM = 9K285RPTK7;
				INFOPLIST_FILE = RandomPeopleDemoUITests/Info.plist;
				LD_RUNPATH_SEARCH_PATHS = "$(inherited) @executable_path/Frameworks @loader_path/Frameworks";
				PRODUCT_BUNDLE_IDENTIFIER = aboiko.RandomPeopleDemoUITests;
				PRODUCT_NAME = "$(TARGET_NAME)";
				SWIFT_VERSION = 3.0;
				TEST_TARGET_NAME = RandomPeopleDemo;
			};
			name = Release;
		};
/* End XCBuildConfiguration section */

/* Begin XCConfigurationList section */
		0E1100691EDA1E060050EE1F /* Build configuration list for PBXProject "RandomPeopleDemo" */ = {
			isa = XCConfigurationList;
			buildConfigurations = (
				0E1100941EDA1E070050EE1F /* Debug */,
				0E1100951EDA1E070050EE1F /* Release */,
			);
			defaultConfigurationIsVisible = 0;
			defaultConfigurationName = Release;
		};
		0E1100961EDA1E070050EE1F /* Build configuration list for PBXNativeTarget "RandomPeopleDemo" */ = {
			isa = XCConfigurationList;
			buildConfigurations = (
				0E1100971EDA1E070050EE1F /* Debug */,
				0E1100981EDA1E070050EE1F /* Release */,
			);
			defaultConfigurationIsVisible = 0;
			defaultConfigurationName = Release;
		};
		0E1100991EDA1E070050EE1F /* Build configuration list for PBXNativeTarget "RandomPeopleDemoTests" */ = {
			isa = XCConfigurationList;
			buildConfigurations = (
				0E11009A1EDA1E070050EE1F /* Debug */,
				0E11009B1EDA1E070050EE1F /* Release */,
			);
			defaultConfigurationIsVisible = 0;
			defaultConfigurationName = Release;
		};
		0E11009C1EDA1E070050EE1F /* Build configuration list for PBXNativeTarget "RandomPeopleDemoUITests" */ = {
			isa = XCConfigurationList;
			buildConfigurations = (
				0E11009D1EDA1E070050EE1F /* Debug */,
				0E11009E1EDA1E070050EE1F /* Release */,
			);
			defaultConfigurationIsVisible = 0;
			defaultConfigurationName = Release;
		};
/* End XCConfigurationList section */
	};
	rootObject = 0E1100661EDA1E060050EE1F /* Project object */;
}
